
Microsoft Visual Studio Solution File, Format Version 12.00
# Visual Studio Version 17
VisualStudioVersion = 17.8.34330.188
MinimumVisualStudioVersion = 10.0.40219.1
Project("{9A19103F-16F7-4668-BE54-9A1E7A4F7556}") = "ReenbitMessenger.Maui", "ReenbitMessenger.Maui\ReenbitMessenger.Maui.csproj", "{E7B22DFA-6A24-4650-82A4-B7A6BF8F785D}"
EndProject
Project("{00D1A9C2-B5F0-4AF3-8072-F6C62B433612}") = "ReenbitMessenger.Database", "ReenbitMessenger.Database\ReenbitMessenger.Database.sqlproj", "{8E860999-29B8-470D-8B30-BFA31DED9C7A}"
EndProject
Project("{9A19103F-16F7-4668-BE54-9A1E7A4F7556}") = "ReenbitMessenger.API", "ReenbitMessenger.API\ReenbitMessenger.API.csproj", "{43DE9E30-0C66-44BD-A458-7B35D6DBFFE3}"
EndProject
Project("{9A19103F-16F7-4668-BE54-9A1E7A4F7556}") = "ReenbitMessenger.Infrastructure", "ReenbitMessenger.Infrastructure\ReenbitMessenger.Infrastructure.csproj", "{7C1D7ABD-F54D-4ABC-BD1B-29E95CE5F4B8}"
EndProject
Project("{9A19103F-16F7-4668-BE54-9A1E7A4F7556}") = "ReenbitMessenger.DataAccess", "ReenbitMessenger.DataAccess\ReenbitMessenger.DataAccess.csproj", "{36A2D43E-095A-430A-A011-EC343A06826C}"
EndProject
Project("{9A19103F-16F7-4668-BE54-9A1E7A4F7556}") = "ReenbitMessenger.AppServices", "ReenbitMessenger.AppServices\ReenbitMessenger.AppServices.csproj", "{67A58AF8-4384-4487-8713-4C48872C6C6B}"
EndProject
Project("{2150E333-8FDC-42A3-9474-1A3956D46DE8}") = "src", "src", "{99253CF4-B621-4505-AA9B-B20B342F0992}"
EndProject
Project("{2150E333-8FDC-42A3-9474-1A3956D46DE8}") = "tests", "tests", "{BDBE1683-F605-4EC7-AA84-5220F7A87446}"
EndProject
Project("{9A19103F-16F7-4668-BE54-9A1E7A4F7556}") = "ReenbitMessenger.API.Tests.Unit", "ReenbitMessenger.API.Tests.Unit\ReenbitMessenger.API.Tests.Unit.csproj", "{F9D302B4-784B-4F18-B0B0-74E2A80596F5}"
EndProject
Project("{9A19103F-16F7-4668-BE54-9A1E7A4F7556}") = "ReenbitMessenger.AppServices.Tests.Unit", "ReenbitMessenger.AppServices.Tests.Unit\ReenbitMessenger.AppServices.Tests.Unit.csproj", "{9A0A78B6-6C84-4A47-B205-2556D97ECE71}"
EndProject
Project("{FAE04EC0-301F-11D3-BF4B-00C04F79EFBC}") = "ReenbitMessenger.API.Tests.Integration", "ReenbitMessenger.API.Tests.Integration\ReenbitMessenger.API.Tests.Integration.csproj", "{68BEDFB7-D42D-40E7-A709-2B39966216F2}"
EndProject
Global
	GlobalSection(SolutionConfigurationPlatforms) = preSolution
		Debug|Any CPU = Debug|Any CPU
		Release|Any CPU = Release|Any CPU
	EndGlobalSection
	GlobalSection(ProjectConfigurationPlatforms) = postSolution
		{E7B22DFA-6A24-4650-82A4-B7A6BF8F785D}.Debug|Any CPU.ActiveCfg = Debug|Any CPU
		{E7B22DFA-6A24-4650-82A4-B7A6BF8F785D}.Debug|Any CPU.Build.0 = Debug|Any CPU
		{E7B22DFA-6A24-4650-82A4-B7A6BF8F785D}.Debug|Any CPU.Deploy.0 = Debug|Any CPU
		{E7B22DFA-6A24-4650-82A4-B7A6BF8F785D}.Release|Any CPU.ActiveCfg = Release|Any CPU
		{E7B22DFA-6A24-4650-82A4-B7A6BF8F785D}.Release|Any CPU.Build.0 = Release|Any CPU
		{E7B22DFA-6A24-4650-82A4-B7A6BF8F785D}.Release|Any CPU.Deploy.0 = Release|Any CPU
		{8E860999-29B8-470D-8B30-BFA31DED9C7A}.Debug|Any CPU.ActiveCfg = Debug|Any CPU
		{8E860999-29B8-470D-8B30-BFA31DED9C7A}.Debug|Any CPU.Build.0 = Debug|Any CPU
		{8E860999-29B8-470D-8B30-BFA31DED9C7A}.Debug|Any CPU.Deploy.0 = Debug|Any CPU
		{8E860999-29B8-470D-8B30-BFA31DED9C7A}.Release|Any CPU.ActiveCfg = Release|Any CPU
		{8E860999-29B8-470D-8B30-BFA31DED9C7A}.Release|Any CPU.Build.0 = Release|Any CPU
		{8E860999-29B8-470D-8B30-BFA31DED9C7A}.Release|Any CPU.Deploy.0 = Release|Any CPU
		{43DE9E30-0C66-44BD-A458-7B35D6DBFFE3}.Debug|Any CPU.ActiveCfg = Debug|Any CPU
		{43DE9E30-0C66-44BD-A458-7B35D6DBFFE3}.Debug|Any CPU.Build.0 = Debug|Any CPU
		{43DE9E30-0C66-44BD-A458-7B35D6DBFFE3}.Release|Any CPU.ActiveCfg = Release|Any CPU
		{43DE9E30-0C66-44BD-A458-7B35D6DBFFE3}.Release|Any CPU.Build.0 = Release|Any CPU
		{7C1D7ABD-F54D-4ABC-BD1B-29E95CE5F4B8}.Debug|Any CPU.ActiveCfg = Debug|Any CPU
		{7C1D7ABD-F54D-4ABC-BD1B-29E95CE5F4B8}.Debug|Any CPU.Build.0 = Debug|Any CPU
		{7C1D7ABD-F54D-4ABC-BD1B-29E95CE5F4B8}.Release|Any CPU.ActiveCfg = Release|Any CPU
		{7C1D7ABD-F54D-4ABC-BD1B-29E95CE5F4B8}.Release|Any CPU.Build.0 = Release|Any CPU
		{36A2D43E-095A-430A-A011-EC343A06826C}.Debug|Any CPU.ActiveCfg = Debug|Any CPU
		{36A2D43E-095A-430A-A011-EC343A06826C}.Debug|Any CPU.Build.0 = Debug|Any CPU
		{36A2D43E-095A-430A-A011-EC343A06826C}.Release|Any CPU.ActiveCfg = Release|Any CPU
		{36A2D43E-095A-430A-A011-EC343A06826C}.Release|Any CPU.Build.0 = Release|Any CPU
		{67A58AF8-4384-4487-8713-4C48872C6C6B}.Debug|Any CPU.ActiveCfg = Debug|Any CPU
		{67A58AF8-4384-4487-8713-4C48872C6C6B}.Debug|Any CPU.Build.0 = Debug|Any CPU
		{67A58AF8-4384-4487-8713-4C48872C6C6B}.Release|Any CPU.ActiveCfg = Release|Any CPU
		{67A58AF8-4384-4487-8713-4C48872C6C6B}.Release|Any CPU.Build.0 = Release|Any CPU
		{F9D302B4-784B-4F18-B0B0-74E2A80596F5}.Debug|Any CPU.ActiveCfg = Debug|Any CPU
		{F9D302B4-784B-4F18-B0B0-74E2A80596F5}.Debug|Any CPU.Build.0 = Debug|Any CPU
		{F9D302B4-784B-4F18-B0B0-74E2A80596F5}.Release|Any CPU.ActiveCfg = Release|Any CPU
		{F9D302B4-784B-4F18-B0B0-74E2A80596F5}.Release|Any CPU.Build.0 = Release|Any CPU
		{9A0A78B6-6C84-4A47-B205-2556D97ECE71}.Debug|Any CPU.ActiveCfg = Debug|Any CPU
		{9A0A78B6-6C84-4A47-B205-2556D97ECE71}.Debug|Any CPU.Build.0 = Debug|Any CPU
		{9A0A78B6-6C84-4A47-B205-2556D97ECE71}.Release|Any CPU.ActiveCfg = Release|Any CPU
		{9A0A78B6-6C84-4A47-B205-2556D97ECE71}.Release|Any CPU.Build.0 = Release|Any CPU
		{68BEDFB7-D42D-40E7-A709-2B39966216F2}.Debug|Any CPU.ActiveCfg = Debug|Any CPU
		{68BEDFB7-D42D-40E7-A709-2B39966216F2}.Debug|Any CPU.Build.0 = Debug|Any CPU
		{68BEDFB7-D42D-40E7-A709-2B39966216F2}.Release|Any CPU.ActiveCfg = Release|Any CPU
		{68BEDFB7-D42D-40E7-A709-2B39966216F2}.Release|Any CPU.Build.0 = Release|Any CPU
	EndGlobalSection
	GlobalSection(SolutionProperties) = preSolution
		HideSolutionNode = FALSE
	EndGlobalSection
	GlobalSection(NestedProjects) = preSolution
		{E7B22DFA-6A24-4650-82A4-B7A6BF8F785D} = {99253CF4-B621-4505-AA9B-B20B342F0992}
		{8E860999-29B8-470D-8B30-BFA31DED9C7A} = {99253CF4-B621-4505-AA9B-B20B342F0992}
		{43DE9E30-0C66-44BD-A458-7B35D6DBFFE3} = {99253CF4-B621-4505-AA9B-B20B342F0992}
		{7C1D7ABD-F54D-4ABC-BD1B-29E95CE5F4B8} = {99253CF4-B621-4505-AA9B-B20B342F0992}
		{36A2D43E-095A-430A-A011-EC343A06826C} = {99253CF4-B621-4505-AA9B-B20B342F0992}
		{67A58AF8-4384-4487-8713-4C48872C6C6B} = {99253CF4-B621-4505-AA9B-B20B342F0992}
		{F9D302B4-784B-4F18-B0B0-74E2A80596F5} = {BDBE1683-F605-4EC7-AA84-5220F7A87446}
		{9A0A78B6-6C84-4A47-B205-2556D97ECE71} = {BDBE1683-F605-4EC7-AA84-5220F7A87446}
		{68BEDFB7-D42D-40E7-A709-2B39966216F2} = {BDBE1683-F605-4EC7-AA84-5220F7A87446}
	EndGlobalSection
	GlobalSection(ExtensibilityGlobals) = postSolution
		SolutionGuid = {55171F32-3FDB-47F2-959B-DB5FF6BAD22A}
	EndGlobalSection
EndGlobal
